# This file is autogenerated, do not edit; changes may be undone by the next 'dep ensure'.


[[projects]]
  digest = "1:d6a14198005d0fa18f73259f4f3b2c079c9d644487d252d76a67af8ea2c7914c"
  name = "code.cloudfoundry.org/clock"
  packages = [
    ".",
    "fakeclock",
  ]
  pruneopts = "UT"
  revision = "e0835a7d46f9ea781e764f0dc9325110e32a97dd"

[[projects]]
  digest = "1:77c7299f19d7db18e00ca98b22410dafb0383ea508aec7bfb5a8203170865749"
  name = "code.cloudfoundry.org/debugserver"
  packages = ["."]
  pruneopts = "UT"
  revision = "71023981328e04f201e3f3b7fe0e599d9ed8864b"

[[projects]]
  digest = "1:084bed066e24d14ae8e4f472c29d3d08171488da152729e475561806e7d160c2"
  name = "code.cloudfoundry.org/lager"
  packages = [
    ".",
    "lagerctx",
    "lagertest",
  ]
  pruneopts = "UT"
  revision = "0bfa98e49e7a976af91e918d47978f07c00b081f"
  version = "v1.0.0"

[[projects]]
  digest = "1:9f8333e700bd1b7202afc0dadc24b4c8eb12b62a9e6d9a695d0277ba8d25c42b"
  name = "code.cloudfoundry.org/localip"
  packages = ["."]
  pruneopts = "UT"
  revision = "933d9406af3f440b6e4e3082bb5f262d83c22a55"

[[projects]]
  digest = "1:b77486e478943084309f8b60192001497406cc72bec98c99306a201e3504f930"
  name = "code.cloudfoundry.org/routing-api"
  packages = [
    ".",
    "fake_routing_api",
    "models",
  ]
  pruneopts = "UT"
  revision = "ec0f9eab0d1da9a9ebd34d5775205505cf597131"

[[projects]]
  branch = "master"
  digest = "1:133c748d60a89400639f72bb9cb94941374c82b119bb3df467b95bbae1fd9138"
  name = "code.cloudfoundry.org/trace-logger"
  packages = ["."]
  pruneopts = "UT"
  revision = "107ef08a939d5be6092ce2b5f171a16aba149cb2"

[[projects]]
  digest = "1:324ac01750e74d94267b53278e7ef48b432f218e82a955a9d1982a7573f95c1c"
  name = "code.cloudfoundry.org/uaa-go-client"
  packages = [
    ".",
    "config",
    "fakes",
    "schema",
  ]
  pruneopts = "UT"
  revision = "cf81a3f10c84f8c50094b58724492f30cfed240b"

[[projects]]
  digest = "1:f189870181cd6b9e682d89891affc71712cd527db6fbd3217fbd653a16a6e74a"
  name = "github.com/bmizerany/pat"
  packages = ["."]
  pruneopts = "UT"
  revision = "b8a35001b773c267eb260a691f4e5499a3531600"

[[projects]]
  digest = "1:d658e5c02dc3dac0055e56dc9ea1bd99e094e0617896b489b5c06cf4fa0429a6"
  name = "github.com/cloudfoundry/dropsonde"
  packages = [
    ".",
    "emitter",
    "envelope_sender",
    "envelopes",
    "factories",
    "instrumented_handler",
    "instrumented_round_tripper",
    "log_sender",
    "logs",
    "metric_sender",
    "metric_sender/fake",
    "metricbatcher",
    "metrics",
    "runtime_stats",
  ]
  pruneopts = "UT"
  revision = "37777abf5516f0f787de1f9b399d70173310cb7d"

[[projects]]
  digest = "1:58235999511e15faead8901d55b1c07d274ae56ebdbfb01319a602baff7f0c43"
  name = "github.com/cloudfoundry/sonde-go"
  packages = ["events"]
  pruneopts = "UT"
  revision = "d6ed492b509e180ee7675ed15237906041e53a6e"

[[projects]]
  digest = "1:dca288a67fa373fc2d0422d951fc6b880ec774f78baef16c51c2236de55a4f2f"
  name = "github.com/dgrijalva/jwt-go"
  packages = ["."]
  pruneopts = "UT"
  revision = "f62f64ea222e5e6d6d86421b5507b0862a3ebf7f"

[[projects]]
  digest = "1:41aff888d7414d50ee225055d9412ff7216f97ded6eaa47323450cdb74fb29b3"
  name = "github.com/gogo/protobuf"
  packages = [
    "gogoproto",
    "proto",
    "protoc-gen-gogo/descriptor",
  ]
  pruneopts = "UT"
  revision = "e33835a643a970c11ac74f6333f5f6866387a101"

[[projects]]
  branch = "master"
  digest = "1:1ba1d79f2810270045c328ae5d674321db34e3aae468eb4233883b473c5c0467"
  name = "github.com/golang/glog"
  packages = ["."]
  pruneopts = "UT"
  revision = "23def4e6c14b4da8ac2ed8007337bc5eb5007998"

[[projects]]
  digest = "1:08628a37c6a261a427999a480459a082c5e4e967d95b642e7040306e1cc2734c"
  name = "github.com/golang/protobuf"
  packages = ["proto"]
  pruneopts = "UT"
  revision = "1f49d83d9aa00e6ce4fc8258c71cc7786aec968a"

[[projects]]
  digest = "1:c79fb010be38a59d657c48c6ba1d003a8aa651fa56b579d959d74573b7dff8e1"
  name = "github.com/gorilla/context"
  packages = ["."]
  pruneopts = "UT"
  revision = "08b5f424b9271eedf6f9f0ce86cb9396ed337a42"
  version = "v1.1.1"

[[projects]]
  digest = "1:ab9b40ddc06de1a89dd694c00987164faf928d2e0dc6b45d9609bbd2754f1e59"
  name = "github.com/gorilla/mux"
  packages = ["."]
  pruneopts = "UT"
  revision = "2d5fef06b891c971b14aa6f71ca5ab6c03a36e0e"

[[projects]]
  digest = "1:14234aa45de47733db32e6b8b271a6ebaa24d7cdb5ee151f0ba1f9f805531146"
  name = "github.com/juju/ratelimit"
  packages = ["."]
  pruneopts = "UT"
  revision = "acf38b000a03e4ab89e40f20f1e548f4e6ac7f72"

[[projects]]
  digest = "1:6de8b539649786932d077d1c035570d68526e9dd76519009c4a736c91762d033"
  name = "github.com/nats-io/nats"
  packages = ["."]
  pruneopts = "UT"
  revision = "e2837a2879e82886f6e21715e3a0217fdc46d370"
  version = "v1.8.1"

[[projects]]
  digest = "1:95837473f879ea39a76b82c43c7badf93a4b27b2d5654182ec3d1728f8ebec30"
  name = "github.com/nats-io/nats.go"
  packages = [
    "encoders/builtin",
    "util",
  ]
  pruneopts = "UT"
  revision = "e2837a2879e82886f6e21715e3a0217fdc46d370"
  version = "v1.8.1"

[[projects]]
  digest = "1:0b5d91120efc54504bc253fda90b08c4be88cd78a4023ef60019e95bb0cdc136"
  name = "github.com/nats-io/nkeys"
  packages = ["."]
  pruneopts = "UT"
  revision = "1546a3320a8f195a5b5c84aef8309377c2e411d5"
  version = "v0.0.2"

[[projects]]
  digest = "1:764f8bdde1936297fa30786d58bb0770599e8c3b2453c2fba0feb4007be76751"
  name = "github.com/nats-io/nuid"
  packages = ["."]
  pruneopts = "UT"
  revision = "a5152d67cf63cbfb5d992a395458722a45194715"

[[projects]]
  branch = "master"
  digest = "1:0e1e5f960c58fdc677212fcc70e55042a0084d367623e51afbdb568963832f5d"
  name = "github.com/nu7hatch/gouuid"
  packages = ["."]
  pruneopts = "UT"
  revision = "179d4d0c4d8d407a32af483c2354df1d2c91e6c3"

[[projects]]
  digest = "1:44e8871efa2e4a5f2535a17bcc46bba3fd9d6a84ae8ef3a7a7b7d635ad11fb98"
  name = "github.com/onsi/ginkgo"
  packages = [
    ".",
    "config",
    "internal/codelocation",
    "internal/containernode",
    "internal/failer",
    "internal/leafnodes",
    "internal/remote",
    "internal/spec",
    "internal/specrunner",
    "internal/suite",
    "internal/testingtproxy",
    "internal/writer",
    "reporters",
    "reporters/stenographer",
    "types",
  ]
  pruneopts = "UT"
  revision = "7b6efc7d7b052568b49ac02d3141c9d7a5a494a4"

[[projects]]
  digest = "1:2b36535108367fee0a68c41532a7b46b667672aac8aef302f4cd76ba84cd703f"
  name = "github.com/onsi/gomega"
  packages = [
    ".",
    "format",
    "gbytes",
    "gexec",
    "ghttp",
    "internal/assertion",
    "internal/asyncassertion",
    "internal/oraclematcher",
    "internal/testingtsupport",
    "matchers",
    "matchers/support/goraph/bipartitegraph",
    "matchers/support/goraph/edge",
    "matchers/support/goraph/node",
    "matchers/support/goraph/util",
    "types",
  ]
  pruneopts = "UT"
  revision = "b48c9a8b2644326d0a44eaaacc8d83e35174a05d"

[[projects]]
  branch = "arbitrary_params"
  digest = "1:33de84bf13c40886bfd4236baf8fb4192644cc3041c456d5d8f68acea75d94ad"
  name = "github.com/pivotal-cf/brokerapi"
  packages = [
    ".",
    "auth",
  ]
  pruneopts = "UT"
  revision = "3c6889259b98dc489f552cd5a0ebeec117620219"

[[projects]]
  digest = "1:840768dcce5f1374a2f6cf7746af174ad4c106c357ffeb8d2505af4a163a2e11"
  name = "github.com/pivotal-golang/lager"
  packages = ["."]
  pruneopts = "UT"
  revision = "ce9effb2d1062e2d81333f942df0549706901b1b"

[[projects]]
  digest = "1:34a4caa0fc97532679aa65b1c344338099def58f5bc203ba8bd901683adbb544"
  name = "github.com/rcrowley/go-metrics"
  packages = ["."]
  pruneopts = "UT"
  revision = "eeba7bd0dd01ace6e690fa833b3f22aaec29af43"

[[projects]]
  digest = "1:efd3a9c6d58c47f9817907dc00adb35e70dd44765cb20d57e5d28cff49f15d69"
  name = "github.com/tedsuo/ifrit"
  packages = [
    ".",
    "grouper",
    "http_server",
    "sigmon",
  ]
  pruneopts = "UT"
  revision = "6711154296c2b3fc5cd1932f0638c8ca0ce8a8a7"

[[projects]]
  digest = "1:fb98adcc593cddf3f937901eb95a5e98d751818b044632ac577c704c06c60caa"
  name = "github.com/tedsuo/rata"
  packages = ["."]
  pruneopts = "UT"
  revision = "b15ebd8bd97ae9202eb00c076d59b2f2824bce37"

[[projects]]
  digest = "1:ff6b126259880858441d0a43e63c3f2f9071601415e1f34a7f053f90cbef8464"
  name = "github.com/uber-go/atomic"
  packages = ["."]
  pruneopts = "UT"
  revision = "3b8db5e93c4c02efbc313e17b2e796b0914a01fb"
  version = "v1.1.0"

[[projects]]
  digest = "1:b865fe15c0b49fc8661b1342d336ba9115c1047cb6ad35c24f0a21e99ae5489d"
  name = "github.com/uber-go/zap"
  packages = ["."]
  pruneopts = "UT"
  revision = "a5783ee4b216a927da8f839c45cfbf9d694e1467"

[[projects]]
  branch = "master"
  digest = "1:25253213243fe3cf02abf5820334bc5ba13a6a743480f1c5f80c2611d6ece9df"
  name = "github.com/vito/go-sse"
  packages = ["sse"]
  pruneopts = "UT"
  revision = "fd69d275caac5d78d793e77ddbe9bd2001d9b88d"

[[projects]]
  digest = "1:bf43e36bbce8327ffb940974d64d902e2fe2ca810963386e33b162559e7c97f5"
  name = "github.com/xeipuuv/gojsonpointer"
  packages = ["."]
  pruneopts = "UT"
  revision = "6fe8760cad3569743d51ddbb243b26f8456742dc"

[[projects]]
  digest = "1:32bcfc1e3d2f83a36e1b0fb680b7363aff4154aafafde1dc4d7112b82f5151f1"
  name = "github.com/xeipuuv/gojsonreference"
  packages = ["."]
  pruneopts = "UT"
  revision = "e02fc20de94c78484cd5ffb007f8af96be030a45"

[[projects]]
  digest = "1:8645c48735308968d6a528eea7bb51c3a2e4e9980719a5ceb64cf84d17f11ab5"
  name = "github.com/xeipuuv/gojsonschema"
  packages = ["."]
  pruneopts = "UT"
  revision = "212d8a0df7acfab8bdd190a7a69f0ab7376edcc8"

[[projects]]
  digest = "1:4463387f7ec4f2ff05a4ffb3f4dd6c3429dffd5ce81450df4ff5178b24d3531d"
  name = "golang.org/x/crypto"
  packages = [
    "ed25519",
    "ed25519/internal/edwards25519",
    "pbkdf2",
  ]
  pruneopts = "UT"
  revision = "b76c864ef1dca1d8f271f917c290cddcce3d9e0d"

[[projects]]
  digest = "1:bbf324989601c1c64369916ecc2aee2c0e7249f616c1720ebc7c449735692dc2"
  name = "golang.org/x/sys"
  packages = ["unix"]
  pruneopts = "UT"
  revision = "f3918c30c5c2cb527c0b071a27c35120a6c0719a"

[[projects]]
  digest = "1:0166e1dc8ff3d10aad40dacccf8ea76b491425169a12339e9848e688845eaa4e"
  name = "gopkg.in/yaml.v2"
  packages = ["."]
  pruneopts = "UT"
  revision = "e4d366fc3c7938e2958e662b4258c7a89e1f0e3e"

[[projects]]
  digest = "1:ab7f9fefb291b92c229fd362b5fa396b4c52fd29bc10bc37ccf8851c9a713a82"
  name = "k8s.io/apimachinery"
  packages = ["pkg/util/runtime"]
  pruneopts = "UT"
  revision = "84c15da65eb86243c295d566203d7689cc6ac04b"

[[projects]]
  digest = "1:b8f00b6fb84db29006d6ea7c7191c81ab2d6518c7075dffabcea0561e520f11f"
  name = "k8s.io/client-go"
  packages = [
    "util/clock",
    "util/workqueue",
  ]
  pruneopts = "UT"
  revision = "22eca115bd15e23ca5e645fbf68e30a8738a23de"

[solve-meta]
  analyzer-name = "dep"
  analyzer-version = 1
  input-imports = [
    "code.cloudfoundry.org/clock",
    "code.cloudfoundry.org/clock/fakeclock",
    "code.cloudfoundry.org/debugserver",
    "code.cloudfoundry.org/lager",
    "code.cloudfoundry.org/lager/lagertest",
    "code.cloudfoundry.org/localip",
    "code.cloudfoundry.org/routing-api",
    "code.cloudfoundry.org/routing-api/fake_routing_api",
    "code.cloudfoundry.org/routing-api/models",
    "code.cloudfoundry.org/uaa-go-client",
    "code.cloudfoundry.org/uaa-go-client/config",
    "code.cloudfoundry.org/uaa-go-client/fakes",
    "code.cloudfoundry.org/uaa-go-client/schema",
    "github.com/cloudfoundry/dropsonde",
    "github.com/cloudfoundry/dropsonde/metric_sender",
    "github.com/cloudfoundry/dropsonde/metric_sender/fake",
    "github.com/cloudfoundry/dropsonde/metricbatcher",
    "github.com/cloudfoundry/dropsonde/metrics",
    "github.com/cloudfoundry/sonde-go/events",
    "github.com/nats-io/nats",
    "github.com/nu7hatch/gouuid",
    "github.com/onsi/ginkgo",
    "github.com/onsi/gomega",
    "github.com/onsi/gomega/format",
    "github.com/onsi/gomega/gbytes",
    "github.com/onsi/gomega/gexec",
    "github.com/onsi/gomega/ghttp",
    "github.com/pivotal-cf/brokerapi",
    "github.com/rcrowley/go-metrics",
    "github.com/tedsuo/ifrit",
    "github.com/tedsuo/ifrit/grouper",
    "github.com/tedsuo/ifrit/sigmon",
    "github.com/uber-go/zap",
    "github.com/xeipuuv/gojsonschema",
    "golang.org/x/crypto/pbkdf2",
    "gopkg.in/yaml.v2",
    "k8s.io/client-go/util/workqueue",
  ]
  solver-name = "gps-cdcl"
  solver-version = 1
